// !$*UTF8*$!
{
	archiveVersion = 1;
	classes = {
	};
	objectVersion = 56;
	objects = {

/* Begin PBXBuildFile section */
		26063AAB2B9F413700D489CF /* AppDelegate.swift in Sources */ = {isa = PBXBuildFile; fileRef = 26063AAA2B9F413700D489CF /* AppDelegate.swift */; };
		26063AAD2B9F413700D489CF /* SceneDelegate.swift in Sources */ = {isa = PBXBuildFile; fileRef = 26063AAC2B9F413700D489CF /* SceneDelegate.swift */; };
		26063AAF2B9F413700D489CF /* ImagesListViewController.swift in Sources */ = {isa = PBXBuildFile; fileRef = 26063AAE2B9F413700D489CF /* ImagesListViewController.swift */; };
		26063AB42B9F413900D489CF /* Assets.xcassets in Resources */ = {isa = PBXBuildFile; fileRef = 26063AB32B9F413900D489CF /* Assets.xcassets */; };
		26063AB72B9F413900D489CF /* Base in Resources */ = {isa = PBXBuildFile; fileRef = 26063AB62B9F413900D489CF /* Base */; };
		26288B502BF4B60D006FD904 /* Constants.swift in Sources */ = {isa = PBXBuildFile; fileRef = 26288B4F2BF4B60D006FD904 /* Constants.swift */; };
		26288B532BF4BEB9006FD904 /* AuthViewController.swift in Sources */ = {isa = PBXBuildFile; fileRef = 26288B522BF4BEB9006FD904 /* AuthViewController.swift */; };
		26288B552BF4C51C006FD904 /* WebViewViewController.swift in Sources */ = {isa = PBXBuildFile; fileRef = 26288B542BF4C51C006FD904 /* WebViewViewController.swift */; };
		26288B582BF4E9BC006FD904 /* OAuth2Service.swift in Sources */ = {isa = PBXBuildFile; fileRef = 26288B572BF4E9BC006FD904 /* OAuth2Service.swift */; };
		26288B5A2BF4EFA9006FD904 /* URLSession+Data.swift in Sources */ = {isa = PBXBuildFile; fileRef = 26288B592BF4EFA9006FD904 /* URLSession+Data.swift */; };
		26288B5D2BF4F001006FD904 /* OAuth2TokenStorage.swift in Sources */ = {isa = PBXBuildFile; fileRef = 26288B5C2BF4F001006FD904 /* OAuth2TokenStorage.swift */; };
		26288B5F2BF4F036006FD904 /* OAuthTokenResponseBody.swift in Sources */ = {isa = PBXBuildFile; fileRef = 26288B5E2BF4F036006FD904 /* OAuthTokenResponseBody.swift */; };
		262B64142BAB215C00B308C8 /* ProfileViewController.swift in Sources */ = {isa = PBXBuildFile; fileRef = 262B64132BAB215C00B308C8 /* ProfileViewController.swift */; };
		2632B47E2BFF651700699D65 /* Main.storyboard in Resources */ = {isa = PBXBuildFile; fileRef = 2632B47D2BFF651700699D65 /* Main.storyboard */; };
		26785AE02BF4F35B00AFD54A /* SplashViewController.swift in Sources */ = {isa = PBXBuildFile; fileRef = 26785ADF2BF4F35B00AFD54A /* SplashViewController.swift */; };
		267E3F192BFF7E1E00FF2432 /* Photo.swift in Sources */ = {isa = PBXBuildFile; fileRef = 267E3F182BFF7E1E00FF2432 /* Photo.swift */; };
		267E3F1B2BFF7E4800FF2432 /* URLsResult.swift in Sources */ = {isa = PBXBuildFile; fileRef = 267E3F1A2BFF7E4800FF2432 /* URLsResult.swift */; };
		267E3F1D2BFF7E5E00FF2432 /* PhotoResult.swift in Sources */ = {isa = PBXBuildFile; fileRef = 267E3F1C2BFF7E5E00FF2432 /* PhotoResult.swift */; };
		267E3F1F2BFF7E8A00FF2432 /* ImagesListService.swift in Sources */ = {isa = PBXBuildFile; fileRef = 267E3F1E2BFF7E8A00FF2432 /* ImagesListService.swift */; };
		267E3F212BFF970600FF2432 /* LikeResult.swift in Sources */ = {isa = PBXBuildFile; fileRef = 267E3F202BFF970600FF2432 /* LikeResult.swift */; };
		267E3F232BFF974100FF2432 /* ProfileLogoutService.swift in Sources */ = {isa = PBXBuildFile; fileRef = 267E3F222BFF974100FF2432 /* ProfileLogoutService.swift */; };
		269615F62BFFA36500907EE6 /* ProgressHUD in Frameworks */ = {isa = PBXBuildFile; productRef = 269615F52BFFA36500907EE6 /* ProgressHUD */; };
		269615F92BFFA36C00907EE6 /* Kingfisher in Frameworks */ = {isa = PBXBuildFile; productRef = 269615F82BFFA36C00907EE6 /* Kingfisher */; };
		269615FC2BFFA37200907EE6 /* SwiftKeychainWrapper in Frameworks */ = {isa = PBXBuildFile; productRef = 269615FB2BFFA37200907EE6 /* SwiftKeychainWrapper */; };
		26BFE65C2BFE1AB5000B9446 /* UIBlockingProgressHUD.swift in Sources */ = {isa = PBXBuildFile; fileRef = 26BFE65B2BFE1AB5000B9446 /* UIBlockingProgressHUD.swift */; };
		26BFE65E2BFE1C8B000B9446 /* ProfileService.swift in Sources */ = {isa = PBXBuildFile; fileRef = 26BFE65D2BFE1C8B000B9446 /* ProfileService.swift */; };
		26BFE6602BFE1CF2000B9446 /* ProfileResult.swift in Sources */ = {isa = PBXBuildFile; fileRef = 26BFE65F2BFE1CF2000B9446 /* ProfileResult.swift */; };
		26BFE6622BFE1D58000B9446 /* Profile.swift in Sources */ = {isa = PBXBuildFile; fileRef = 26BFE6612BFE1D58000B9446 /* Profile.swift */; };
		26BFE6642BFE2A3D000B9446 /* ProfileImageService.swift in Sources */ = {isa = PBXBuildFile; fileRef = 26BFE6632BFE2A3D000B9446 /* ProfileImageService.swift */; };
		26BFE6662BFE2E68000B9446 /* UserResult.swift in Sources */ = {isa = PBXBuildFile; fileRef = 26BFE6652BFE2E68000B9446 /* UserResult.swift */; };
		26BFE66F2BFF4B30000B9446 /* TabBarController.swift in Sources */ = {isa = PBXBuildFile; fileRef = 26BFE66E2BFF4B30000B9446 /* TabBarController.swift */; };
		26E397532BB0631A00C0F206 /* SingleImageViewController.swift in Sources */ = {isa = PBXBuildFile; fileRef = 26E397522BB0631A00C0F206 /* SingleImageViewController.swift */; };
		26F02F9C2B9FC10D003299DF /* ImagesListCell.swift in Sources */ = {isa = PBXBuildFile; fileRef = 26F02F9B2B9FC10D003299DF /* ImagesListCell.swift */; };
/* End PBXBuildFile section */

/* Begin PBXFileReference section */
		26063AA72B9F413700D489CF /* ImageFeed.app */ = {isa = PBXFileReference; explicitFileType = wrapper.application; includeInIndex = 0; path = ImageFeed.app; sourceTree = BUILT_PRODUCTS_DIR; };
		26063AAA2B9F413700D489CF /* AppDelegate.swift */ = {isa = PBXFileReference; lastKnownFileType = sourcecode.swift; path = AppDelegate.swift; sourceTree = "<group>"; };
		26063AAC2B9F413700D489CF /* SceneDelegate.swift */ = {isa = PBXFileReference; lastKnownFileType = sourcecode.swift; path = SceneDelegate.swift; sourceTree = "<group>"; };
		26063AAE2B9F413700D489CF /* ImagesListViewController.swift */ = {isa = PBXFileReference; lastKnownFileType = sourcecode.swift; path = ImagesListViewController.swift; sourceTree = "<group>"; };
		26063AB32B9F413900D489CF /* Assets.xcassets */ = {isa = PBXFileReference; lastKnownFileType = folder.assetcatalog; path = Assets.xcassets; sourceTree = "<group>"; };
		26063AB62B9F413900D489CF /* Base */ = {isa = PBXFileReference; lastKnownFileType = file.storyboard; name = Base; path = Base.lproj/LaunchScreen.storyboard; sourceTree = "<group>"; };
		26063AB82B9F413900D489CF /* Info.plist */ = {isa = PBXFileReference; lastKnownFileType = text.plist.xml; path = Info.plist; sourceTree = "<group>"; };
		26288B4F2BF4B60D006FD904 /* Constants.swift */ = {isa = PBXFileReference; lastKnownFileType = sourcecode.swift; path = Constants.swift; sourceTree = "<group>"; };
		26288B522BF4BEB9006FD904 /* AuthViewController.swift */ = {isa = PBXFileReference; lastKnownFileType = sourcecode.swift; path = AuthViewController.swift; sourceTree = "<group>"; };
		26288B542BF4C51C006FD904 /* WebViewViewController.swift */ = {isa = PBXFileReference; lastKnownFileType = sourcecode.swift; path = WebViewViewController.swift; sourceTree = "<group>"; };
		26288B572BF4E9BC006FD904 /* OAuth2Service.swift */ = {isa = PBXFileReference; lastKnownFileType = sourcecode.swift; path = OAuth2Service.swift; sourceTree = "<group>"; };
		26288B592BF4EFA9006FD904 /* URLSession+Data.swift */ = {isa = PBXFileReference; lastKnownFileType = sourcecode.swift; path = "URLSession+Data.swift"; sourceTree = "<group>"; };
		26288B5C2BF4F001006FD904 /* OAuth2TokenStorage.swift */ = {isa = PBXFileReference; lastKnownFileType = sourcecode.swift; path = OAuth2TokenStorage.swift; sourceTree = "<group>"; };
		26288B5E2BF4F036006FD904 /* OAuthTokenResponseBody.swift */ = {isa = PBXFileReference; lastKnownFileType = sourcecode.swift; path = OAuthTokenResponseBody.swift; sourceTree = "<group>"; };
		262B64132BAB215C00B308C8 /* ProfileViewController.swift */ = {isa = PBXFileReference; lastKnownFileType = sourcecode.swift; path = ProfileViewController.swift; sourceTree = "<group>"; };
		2632B47D2BFF651700699D65 /* Main.storyboard */ = {isa = PBXFileReference; fileEncoding = 4; lastKnownFileType = file.storyboard; path = Main.storyboard; sourceTree = "<group>"; };
		26785ADF2BF4F35B00AFD54A /* SplashViewController.swift */ = {isa = PBXFileReference; lastKnownFileType = sourcecode.swift; path = SplashViewController.swift; sourceTree = "<group>"; };
		267E3F182BFF7E1E00FF2432 /* Photo.swift */ = {isa = PBXFileReference; lastKnownFileType = sourcecode.swift; path = Photo.swift; sourceTree = "<group>"; };
		267E3F1A2BFF7E4800FF2432 /* URLsResult.swift */ = {isa = PBXFileReference; lastKnownFileType = sourcecode.swift; path = URLsResult.swift; sourceTree = "<group>"; };
		267E3F1C2BFF7E5E00FF2432 /* PhotoResult.swift */ = {isa = PBXFileReference; lastKnownFileType = sourcecode.swift; path = PhotoResult.swift; sourceTree = "<group>"; };
		267E3F1E2BFF7E8A00FF2432 /* ImagesListService.swift */ = {isa = PBXFileReference; lastKnownFileType = sourcecode.swift; path = ImagesListService.swift; sourceTree = "<group>"; };
		267E3F202BFF970600FF2432 /* LikeResult.swift */ = {isa = PBXFileReference; lastKnownFileType = sourcecode.swift; path = LikeResult.swift; sourceTree = "<group>"; };
		267E3F222BFF974100FF2432 /* ProfileLogoutService.swift */ = {isa = PBXFileReference; lastKnownFileType = sourcecode.swift; path = ProfileLogoutService.swift; sourceTree = "<group>"; };
		26BFE65B2BFE1AB5000B9446 /* UIBlockingProgressHUD.swift */ = {isa = PBXFileReference; lastKnownFileType = sourcecode.swift; path = UIBlockingProgressHUD.swift; sourceTree = "<group>"; };
		26BFE65D2BFE1C8B000B9446 /* ProfileService.swift */ = {isa = PBXFileReference; lastKnownFileType = sourcecode.swift; path = ProfileService.swift; sourceTree = "<group>"; };
		26BFE65F2BFE1CF2000B9446 /* ProfileResult.swift */ = {isa = PBXFileReference; lastKnownFileType = sourcecode.swift; path = ProfileResult.swift; sourceTree = "<group>"; };
		26BFE6612BFE1D58000B9446 /* Profile.swift */ = {isa = PBXFileReference; lastKnownFileType = sourcecode.swift; path = Profile.swift; sourceTree = "<group>"; };
		26BFE6632BFE2A3D000B9446 /* ProfileImageService.swift */ = {isa = PBXFileReference; lastKnownFileType = sourcecode.swift; path = ProfileImageService.swift; sourceTree = "<group>"; };
		26BFE6652BFE2E68000B9446 /* UserResult.swift */ = {isa = PBXFileReference; lastKnownFileType = sourcecode.swift; path = UserResult.swift; sourceTree = "<group>"; };
		26BFE66E2BFF4B30000B9446 /* TabBarController.swift */ = {isa = PBXFileReference; lastKnownFileType = sourcecode.swift; path = TabBarController.swift; sourceTree = "<group>"; };
		26E397522BB0631A00C0F206 /* SingleImageViewController.swift */ = {isa = PBXFileReference; lastKnownFileType = sourcecode.swift; path = SingleImageViewController.swift; sourceTree = "<group>"; };
		26F02F9B2B9FC10D003299DF /* ImagesListCell.swift */ = {isa = PBXFileReference; lastKnownFileType = sourcecode.swift; path = ImagesListCell.swift; sourceTree = "<group>"; };
/* End PBXFileReference section */

/* Begin PBXFrameworksBuildPhase section */
		26063AA42B9F413700D489CF /* Frameworks */ = {
			isa = PBXFrameworksBuildPhase;
			buildActionMask = 2147483647;
			files = (
				269615F92BFFA36C00907EE6 /* Kingfisher in Frameworks */,
				269615F62BFFA36500907EE6 /* ProgressHUD in Frameworks */,
				269615FC2BFFA37200907EE6 /* SwiftKeychainWrapper in Frameworks */,
			);
			runOnlyForDeploymentPostprocessing = 0;
		};
/* End PBXFrameworksBuildPhase section */

/* Begin PBXGroup section */
		26063A9E2B9F413700D489CF = {
			isa = PBXGroup;
			children = (
				26063AA92B9F413700D489CF /* ImageFeed */,
				26063AA82B9F413700D489CF /* Products */,
			);
			sourceTree = "<group>";
		};
		26063AA82B9F413700D489CF /* Products */ = {
			isa = PBXGroup;
			children = (
				26063AA72B9F413700D489CF /* ImageFeed.app */,
			);
			name = Products;
			sourceTree = "<group>";
		};
		26063AA92B9F413700D489CF /* ImageFeed */ = {
			isa = PBXGroup;
			children = (
				26BFE66D2BFF4B12000B9446 /* TabBar */,
				26785ADE2BF4F33B00AFD54A /* SplashScreen */,
				26288B5B2BF4EFEE006FD904 /* Models */,
				26288B562BF4E9A2006FD904 /* Services */,
				26288B512BF4BEA7006FD904 /* Auth */,
				26063AAA2B9F413700D489CF /* AppDelegate.swift */,
				26063AAC2B9F413700D489CF /* SceneDelegate.swift */,
				26288B4F2BF4B60D006FD904 /* Constants.swift */,
				26AD72802BB0691C0019D7E8 /* Profile */,
				26AD72812BB0692C0019D7E8 /* SingleImageView */,
				26F02F9D2B9FC152003299DF /* ImagesList */,
				2632B47D2BFF651700699D65 /* Main.storyboard */,
				26063AB32B9F413900D489CF /* Assets.xcassets */,
				26063AB52B9F413900D489CF /* LaunchScreen.storyboard */,
				26063AB82B9F413900D489CF /* Info.plist */,
			);
			path = ImageFeed;
			sourceTree = "<group>";
		};
		26288B512BF4BEA7006FD904 /* Auth */ = {
			isa = PBXGroup;
			children = (
				26288B522BF4BEB9006FD904 /* AuthViewController.swift */,
				26288B542BF4C51C006FD904 /* WebViewViewController.swift */,
			);
			path = Auth;
			sourceTree = "<group>";
		};
		26288B562BF4E9A2006FD904 /* Services */ = {
			isa = PBXGroup;
			children = (
				26288B572BF4E9BC006FD904 /* OAuth2Service.swift */,
				26288B592BF4EFA9006FD904 /* URLSession+Data.swift */,
				26BFE65B2BFE1AB5000B9446 /* UIBlockingProgressHUD.swift */,
				26BFE65D2BFE1C8B000B9446 /* ProfileService.swift */,
				26BFE6632BFE2A3D000B9446 /* ProfileImageService.swift */,
				267E3F1E2BFF7E8A00FF2432 /* ImagesListService.swift */,
				267E3F222BFF974100FF2432 /* ProfileLogoutService.swift */,
			);
			path = Services;
			sourceTree = "<group>";
		};
		26288B5B2BF4EFEE006FD904 /* Models */ = {
			isa = PBXGroup;
			children = (
				26288B5C2BF4F001006FD904 /* OAuth2TokenStorage.swift */,
				26288B5E2BF4F036006FD904 /* OAuthTokenResponseBody.swift */,
				26BFE65F2BFE1CF2000B9446 /* ProfileResult.swift */,
				26BFE6612BFE1D58000B9446 /* Profile.swift */,
				26BFE6652BFE2E68000B9446 /* UserResult.swift */,
				267E3F182BFF7E1E00FF2432 /* Photo.swift */,
				267E3F1A2BFF7E4800FF2432 /* URLsResult.swift */,
				267E3F1C2BFF7E5E00FF2432 /* PhotoResult.swift */,
				267E3F202BFF970600FF2432 /* LikeResult.swift */,
			);
			path = Models;
			sourceTree = "<group>";
		};
		26785ADE2BF4F33B00AFD54A /* SplashScreen */ = {
			isa = PBXGroup;
			children = (
				26785ADF2BF4F35B00AFD54A /* SplashViewController.swift */,
			);
			path = SplashScreen;
			sourceTree = "<group>";
		};
		26AD72802BB0691C0019D7E8 /* Profile */ = {
			isa = PBXGroup;
			children = (
				262B64132BAB215C00B308C8 /* ProfileViewController.swift */,
			);
			path = Profile;
			sourceTree = "<group>";
		};
		26AD72812BB0692C0019D7E8 /* SingleImageView */ = {
			isa = PBXGroup;
			children = (
				26E397522BB0631A00C0F206 /* SingleImageViewController.swift */,
			);
			path = SingleImageView;
			sourceTree = "<group>";
		};
		26BFE66D2BFF4B12000B9446 /* TabBar */ = {
			isa = PBXGroup;
			children = (
				26BFE66E2BFF4B30000B9446 /* TabBarController.swift */,
			);
			path = TabBar;
			sourceTree = "<group>";
		};
		26F02F9D2B9FC152003299DF /* ImagesList */ = {
			isa = PBXGroup;
			children = (
				26063AAE2B9F413700D489CF /* ImagesListViewController.swift */,
				26F02F9B2B9FC10D003299DF /* ImagesListCell.swift */,
			);
			path = ImagesList;
			sourceTree = "<group>";
		};
/* End PBXGroup section */

/* Begin PBXNativeTarget section */
		26063AA62B9F413700D489CF /* ImageFeed */ = {
			isa = PBXNativeTarget;
			buildConfigurationList = 26063ABB2B9F413900D489CF /* Build configuration list for PBXNativeTarget "ImageFeed" */;
			buildPhases = (
				26063AA32B9F413700D489CF /* Sources */,
				26063AA42B9F413700D489CF /* Frameworks */,
				26063AA52B9F413700D489CF /* Resources */,
			);
			buildRules = (
			);
			dependencies = (
			);
			name = ImageFeed;
			packageProductDependencies = (
				269615F52BFFA36500907EE6 /* ProgressHUD */,
				269615F82BFFA36C00907EE6 /* Kingfisher */,
				269615FB2BFFA37200907EE6 /* SwiftKeychainWrapper */,
			);
			productName = ImageFeed;
			productReference = 26063AA72B9F413700D489CF /* ImageFeed.app */;
			productType = "com.apple.product-type.application";
		};
/* End PBXNativeTarget section */

/* Begin PBXProject section */
		26063A9F2B9F413700D489CF /* Project object */ = {
			isa = PBXProject;
			attributes = {
				BuildIndependentTargetsInParallel = 1;
				LastSwiftUpdateCheck = 1530;
				LastUpgradeCheck = 1530;
				TargetAttributes = {
					26063AA62B9F413700D489CF = {
						CreatedOnToolsVersion = 15.3;
					};
				};
			};
			buildConfigurationList = 26063AA22B9F413700D489CF /* Build configuration list for PBXProject "ImageFeed" */;
			compatibilityVersion = "Xcode 14.0";
			developmentRegion = en;
			hasScannedForEncodings = 0;
			knownRegions = (
				en,
				Base,
			);
			mainGroup = 26063A9E2B9F413700D489CF;
			packageReferences = (
				269615F42BFFA36500907EE6 /* XCRemoteSwiftPackageReference "ProgressHUD" */,
				269615F72BFFA36C00907EE6 /* XCRemoteSwiftPackageReference "Kingfisher" */,
				269615FA2BFFA37200907EE6 /* XCRemoteSwiftPackageReference "SwiftKeychainWrapper" */,
			);
			productRefGroup = 26063AA82B9F413700D489CF /* Products */;
			projectDirPath = "";
			projectRoot = "";
			targets = (
				26063AA62B9F413700D489CF /* ImageFeed */,
			);
		};
/* End PBXProject section */

/* Begin PBXResourcesBuildPhase section */
		26063AA52B9F413700D489CF /* Resources */ = {
			isa = PBXResourcesBuildPhase;
			buildActionMask = 2147483647;
			files = (
				26063AB42B9F413900D489CF /* Assets.xcassets in Resources */,
				26063AB72B9F413900D489CF /* Base in Resources */,
				2632B47E2BFF651700699D65 /* Main.storyboard in Resources */,
			);
			runOnlyForDeploymentPostprocessing = 0;
		};
/* End PBXResourcesBuildPhase section */

/* Begin PBXSourcesBuildPhase section */
		26063AA32B9F413700D489CF /* Sources */ = {
			isa = PBXSourcesBuildPhase;
			buildActionMask = 2147483647;
			files = (
				267E3F1F2BFF7E8A00FF2432 /* ImagesListService.swift in Sources */,
				26063AAF2B9F413700D489CF /* ImagesListViewController.swift in Sources */,
				267E3F232BFF974100FF2432 /* ProfileLogoutService.swift in Sources */,
				26BFE65E2BFE1C8B000B9446 /* ProfileService.swift in Sources */,
				26F02F9C2B9FC10D003299DF /* ImagesListCell.swift in Sources */,
				262B64142BAB215C00B308C8 /* ProfileViewController.swift in Sources */,
				26063AAB2B9F413700D489CF /* AppDelegate.swift in Sources */,
				26288B5A2BF4EFA9006FD904 /* URLSession+Data.swift in Sources */,
				26785AE02BF4F35B00AFD54A /* SplashViewController.swift in Sources */,
				26BFE6622BFE1D58000B9446 /* Profile.swift in Sources */,
				26288B5F2BF4F036006FD904 /* OAuthTokenResponseBody.swift in Sources */,
				26BFE6602BFE1CF2000B9446 /* ProfileResult.swift in Sources */,
				26288B532BF4BEB9006FD904 /* AuthViewController.swift in Sources */,
				26BFE6642BFE2A3D000B9446 /* ProfileImageService.swift in Sources */,
				26BFE65C2BFE1AB5000B9446 /* UIBlockingProgressHUD.swift in Sources */,
				26BFE6662BFE2E68000B9446 /* UserResult.swift in Sources */,
				26288B502BF4B60D006FD904 /* Constants.swift in Sources */,
				26288B5D2BF4F001006FD904 /* OAuth2TokenStorage.swift in Sources */,
				267E3F212BFF970600FF2432 /* LikeResult.swift in Sources */,
				26E397532BB0631A00C0F206 /* SingleImageViewController.swift in Sources */,
				267E3F1B2BFF7E4800FF2432 /* URLsResult.swift in Sources */,
				26288B552BF4C51C006FD904 /* WebViewViewController.swift in Sources */,
				267E3F192BFF7E1E00FF2432 /* Photo.swift in Sources */,
				26BFE66F2BFF4B30000B9446 /* TabBarController.swift in Sources */,
				267E3F1D2BFF7E5E00FF2432 /* PhotoResult.swift in Sources */,
				26288B582BF4E9BC006FD904 /* OAuth2Service.swift in Sources */,
				26063AAD2B9F413700D489CF /* SceneDelegate.swift in Sources */,
			);
			runOnlyForDeploymentPostprocessing = 0;
		};
/* End PBXSourcesBuildPhase section */

/* Begin PBXVariantGroup section */
		26063AB52B9F413900D489CF /* LaunchScreen.storyboard */ = {
			isa = PBXVariantGroup;
			children = (
				26063AB62B9F413900D489CF /* Base */,
			);
			name = LaunchScreen.storyboard;
			sourceTree = "<group>";
		};
/* End PBXVariantGroup section */

/* Begin XCBuildConfiguration section */
		26063AB92B9F413900D489CF /* Debug */ = {
			isa = XCBuildConfiguration;
			buildSettings = {
				ALWAYS_SEARCH_USER_PATHS = NO;
				ASSETCATALOG_COMPILER_GENERATE_SWIFT_ASSET_SYMBOL_EXTENSIONS = YES;
				CLANG_ANALYZER_NONNULL = YES;
				CLANG_ANALYZER_NUMBER_OBJECT_CONVERSION = YES_AGGRESSIVE;
				CLANG_CXX_LANGUAGE_STANDARD = "gnu++20";
				CLANG_ENABLE_MODULES = YES;
				CLANG_ENABLE_OBJC_ARC = YES;
				CLANG_ENABLE_OBJC_WEAK = YES;
				CLANG_WARN_BLOCK_CAPTURE_AUTORELEASING = YES;
				CLANG_WARN_BOOL_CONVERSION = YES;
				CLANG_WARN_COMMA = YES;
				CLANG_WARN_CONSTANT_CONVERSION = YES;
				CLANG_WARN_DEPRECATED_OBJC_IMPLEMENTATIONS = YES;
				CLANG_WARN_DIRECT_OBJC_ISA_USAGE = YES_ERROR;
				CLANG_WARN_DOCUMENTATION_COMMENTS = YES;
				CLANG_WARN_EMPTY_BODY = YES;
				CLANG_WARN_ENUM_CONVERSION = YES;
				CLANG_WARN_INFINITE_RECURSION = YES;
				CLANG_WARN_INT_CONVERSION = YES;
				CLANG_WARN_NON_LITERAL_NULL_CONVERSION = YES;
				CLANG_WARN_OBJC_IMPLICIT_RETAIN_SELF = YES;
				CLANG_WARN_OBJC_LITERAL_CONVERSION = YES;
				CLANG_WARN_OBJC_ROOT_CLASS = YES_ERROR;
				CLANG_WARN_QUOTED_INCLUDE_IN_FRAMEWORK_HEADER = YES;
				CLANG_WARN_RANGE_LOOP_ANALYSIS = YES;
				CLANG_WARN_STRICT_PROTOTYPES = YES;
				CLANG_WARN_SUSPICIOUS_MOVE = YES;
				CLANG_WARN_UNGUARDED_AVAILABILITY = YES_AGGRESSIVE;
				CLANG_WARN_UNREACHABLE_CODE = YES;
				CLANG_WARN__DUPLICATE_METHOD_MATCH = YES;
				COPY_PHASE_STRIP = NO;
				DEBUG_INFORMATION_FORMAT = dwarf;
				ENABLE_STRICT_OBJC_MSGSEND = YES;
				ENABLE_TESTABILITY = YES;
				ENABLE_USER_SCRIPT_SANDBOXING = YES;
				GCC_C_LANGUAGE_STANDARD = gnu17;
				GCC_DYNAMIC_NO_PIC = NO;
				GCC_NO_COMMON_BLOCKS = YES;
				GCC_OPTIMIZATION_LEVEL = 0;
				GCC_PREPROCESSOR_DEFINITIONS = (
					"DEBUG=1",
					"$(inherited)",
				);
				GCC_WARN_64_TO_32_BIT_CONVERSION = YES;
				GCC_WARN_ABOUT_RETURN_TYPE = YES_ERROR;
				GCC_WARN_UNDECLARED_SELECTOR = YES;
				GCC_WARN_UNINITIALIZED_AUTOS = YES_AGGRESSIVE;
				GCC_WARN_UNUSED_FUNCTION = YES;
				GCC_WARN_UNUSED_VARIABLE = YES;
				IPHONEOS_DEPLOYMENT_TARGET = 13.0;
				LOCALIZATION_PREFERS_STRING_CATALOGS = YES;
				MTL_ENABLE_DEBUG_INFO = INCLUDE_SOURCE;
				MTL_FAST_MATH = YES;
				ONLY_ACTIVE_ARCH = YES;
				SDKROOT = iphoneos;
				SWIFT_ACTIVE_COMPILATION_CONDITIONS = "DEBUG $(inherited)";
				SWIFT_OPTIMIZATION_LEVEL = "-Onone";
			};
			name = Debug;
		};
		26063ABA2B9F413900D489CF /* Release */ = {
			isa = XCBuildConfiguration;
			buildSettings = {
				ALWAYS_SEARCH_USER_PATHS = NO;
				ASSETCATALOG_COMPILER_GENERATE_SWIFT_ASSET_SYMBOL_EXTENSIONS = YES;
				CLANG_ANALYZER_NONNULL = YES;
				CLANG_ANALYZER_NUMBER_OBJECT_CONVERSION = YES_AGGRESSIVE;
				CLANG_CXX_LANGUAGE_STANDARD = "gnu++20";
				CLANG_ENABLE_MODULES = YES;
				CLANG_ENABLE_OBJC_ARC = YES;
				CLANG_ENABLE_OBJC_WEAK = YES;
				CLANG_WARN_BLOCK_CAPTURE_AUTORELEASING = YES;
				CLANG_WARN_BOOL_CONVERSION = YES;
				CLANG_WARN_COMMA = YES;
				CLANG_WARN_CONSTANT_CONVERSION = YES;
				CLANG_WARN_DEPRECATED_OBJC_IMPLEMENTATIONS = YES;
				CLANG_WARN_DIRECT_OBJC_ISA_USAGE = YES_ERROR;
				CLANG_WARN_DOCUMENTATION_COMMENTS = YES;
				CLANG_WARN_EMPTY_BODY = YES;
				CLANG_WARN_ENUM_CONVERSION = YES;
				CLANG_WARN_INFINITE_RECURSION = YES;
				CLANG_WARN_INT_CONVERSION = YES;
				CLANG_WARN_NON_LITERAL_NULL_CONVERSION = YES;
				CLANG_WARN_OBJC_IMPLICIT_RETAIN_SELF = YES;
				CLANG_WARN_OBJC_LITERAL_CONVERSION = YES;
				CLANG_WARN_OBJC_ROOT_CLASS = YES_ERROR;
				CLANG_WARN_QUOTED_INCLUDE_IN_FRAMEWORK_HEADER = YES;
				CLANG_WARN_RANGE_LOOP_ANALYSIS = YES;
				CLANG_WARN_STRICT_PROTOTYPES = YES;
				CLANG_WARN_SUSPICIOUS_MOVE = YES;
				CLANG_WARN_UNGUARDED_AVAILABILITY = YES_AGGRESSIVE;
				CLANG_WARN_UNREACHABLE_CODE = YES;
				CLANG_WARN__DUPLICATE_METHOD_MATCH = YES;
				COPY_PHASE_STRIP = NO;
				DEBUG_INFORMATION_FORMAT = "dwarf-with-dsym";
				ENABLE_NS_ASSERTIONS = NO;
				ENABLE_STRICT_OBJC_MSGSEND = YES;
				ENABLE_USER_SCRIPT_SANDBOXING = YES;
				GCC_C_LANGUAGE_STANDARD = gnu17;
				GCC_NO_COMMON_BLOCKS = YES;
				GCC_WARN_64_TO_32_BIT_CONVERSION = YES;
				GCC_WARN_ABOUT_RETURN_TYPE = YES_ERROR;
				GCC_WARN_UNDECLARED_SELECTOR = YES;
				GCC_WARN_UNINITIALIZED_AUTOS = YES_AGGRESSIVE;
				GCC_WARN_UNUSED_FUNCTION = YES;
				GCC_WARN_UNUSED_VARIABLE = YES;
				IPHONEOS_DEPLOYMENT_TARGET = 13.0;
				LOCALIZATION_PREFERS_STRING_CATALOGS = YES;
				MTL_ENABLE_DEBUG_INFO = NO;
				MTL_FAST_MATH = YES;
				SDKROOT = iphoneos;
				SWIFT_COMPILATION_MODE = wholemodule;
				VALIDATE_PRODUCT = YES;
			};
			name = Release;
		};
		26063ABC2B9F413900D489CF /* Debug */ = {
			isa = XCBuildConfiguration;
			buildSettings = {
				ASSETCATALOG_COMPILER_APPICON_NAME = AppIcon;
				ASSETCATALOG_COMPILER_GLOBAL_ACCENT_COLOR_NAME = AccentColor;
				CODE_SIGN_STYLE = Automatic;
				CURRENT_PROJECT_VERSION = 1;
				DEVELOPMENT_TEAM = 872LLLS9PY;
				GENERATE_INFOPLIST_FILE = YES;
				INFOPLIST_FILE = ImageFeed/Info.plist;
				INFOPLIST_KEY_UIApplicationSupportsIndirectInputEvents = YES;
				INFOPLIST_KEY_UILaunchStoryboardName = LaunchScreen;
				INFOPLIST_KEY_UIMainStoryboardFile = Main;
				INFOPLIST_KEY_UIStatusBarStyle = "";
				INFOPLIST_KEY_UISupportedInterfaceOrientations = UIInterfaceOrientationPortrait;
				IPHONEOS_DEPLOYMENT_TARGET = 13.0;
				LD_RUNPATH_SEARCH_PATHS = (
					"$(inherited)",
					"@executable_path/Frameworks",
				);
				MARKETING_VERSION = 1.0;
				PRODUCT_BUNDLE_IDENTIFIER = com.calvinkalin.ImageFeed;
				PRODUCT_NAME = "$(TARGET_NAME)";
				SUPPORTED_PLATFORMS = "iphoneos iphonesimulator";
				SUPPORTS_MACCATALYST = NO;
				SUPPORTS_MAC_DESIGNED_FOR_IPHONE_IPAD = NO;
				SUPPORTS_XR_DESIGNED_FOR_IPHONE_IPAD = NO;
				SWIFT_EMIT_LOC_STRINGS = YES;
				SWIFT_VERSION = 5.0;
				TARGETED_DEVICE_FAMILY = 1;
			};
			name = Debug;
		};
		26063ABD2B9F413900D489CF /* Release */ = {
			isa = XCBuildConfiguration;
			buildSettings = {
				ASSETCATALOG_COMPILER_APPICON_NAME = AppIcon;
				ASSETCATALOG_COMPILER_GLOBAL_ACCENT_COLOR_NAME = AccentColor;
				CODE_SIGN_STYLE = Automatic;
				CURRENT_PROJECT_VERSION = 1;
				DEVELOPMENT_TEAM = 872LLLS9PY;
				GENERATE_INFOPLIST_FILE = YES;
				INFOPLIST_FILE = ImageFeed/Info.plist;
				INFOPLIST_KEY_UIApplicationSupportsIndirectInputEvents = YES;
				INFOPLIST_KEY_UILaunchStoryboardName = LaunchScreen;
				INFOPLIST_KEY_UIMainStoryboardFile = Main;
				INFOPLIST_KEY_UIStatusBarStyle = "";
				INFOPLIST_KEY_UISupportedInterfaceOrientations = UIInterfaceOrientationPortrait;
				IPHONEOS_DEPLOYMENT_TARGET = 13.0;
				LD_RUNPATH_SEARCH_PATHS = (
					"$(inherited)",
					"@executable_path/Frameworks",
				);
				MARKETING_VERSION = 1.0;
				PRODUCT_BUNDLE_IDENTIFIER = com.calvinkalin.ImageFeed;
				PRODUCT_NAME = "$(TARGET_NAME)";
				SUPPORTED_PLATFORMS = "iphoneos iphonesimulator";
				SUPPORTS_MACCATALYST = NO;
				SUPPORTS_MAC_DESIGNED_FOR_IPHONE_IPAD = NO;
				SUPPORTS_XR_DESIGNED_FOR_IPHONE_IPAD = NO;
				SWIFT_EMIT_LOC_STRINGS = YES;
				SWIFT_VERSION = 5.0;
				TARGETED_DEVICE_FAMILY = 1;
			};
			name = Release;
		};
/* End XCBuildConfiguration section */

/* Begin XCConfigurationList section */
		26063AA22B9F413700D489CF /* Build configuration list for PBXProject "ImageFeed" */ = {
			isa = XCConfigurationList;
			buildConfigurations = (
				26063AB92B9F413900D489CF /* Debug */,
				26063ABA2B9F413900D489CF /* Release */,
			);
			defaultConfigurationIsVisible = 0;
			defaultConfigurationName = Release;
		};
		26063ABB2B9F413900D489CF /* Build configuration list for PBXNativeTarget "ImageFeed" */ = {
			isa = XCConfigurationList;
			buildConfigurations = (
				26063ABC2B9F413900D489CF /* Debug */,
				26063ABD2B9F413900D489CF /* Release */,
			);
			defaultConfigurationIsVisible = 0;
			defaultConfigurationName = Release;
		};
/* End XCConfigurationList section */

/* Begin XCRemoteSwiftPackageReference section */
		269615F42BFFA36500907EE6 /* XCRemoteSwiftPackageReference "ProgressHUD" */ = {
			isa = XCRemoteSwiftPackageReference;
			repositoryURL = "https://github.com/relatedcode/ProgressHUD";
			requirement = {
				kind = upToNextMajorVersion;
				minimumVersion = 14.1.3;
			};
		};
		269615F72BFFA36C00907EE6 /* XCRemoteSwiftPackageReference "Kingfisher" */ = {
			isa = XCRemoteSwiftPackageReference;
			repositoryURL = "https://github.com/onevcat/Kingfisher.git";
			requirement = {
				kind = upToNextMajorVersion;
				minimumVersion = 7.11.0;
			};
		};
		269615FA2BFFA37200907EE6 /* XCRemoteSwiftPackageReference "SwiftKeychainWrapper" */ = {
			isa = XCRemoteSwiftPackageReference;
			repositoryURL = "https://github.com/jrendel/SwiftKeychainWrapper";
			requirement = {
				kind = upToNextMajorVersion;
				minimumVersion = 4.0.1;
			};
		};
/* End XCRemoteSwiftPackageReference section */

/* Begin XCSwiftPackageProductDependency section */
		269615F52BFFA36500907EE6 /* ProgressHUD */ = {
			isa = XCSwiftPackageProductDependency;
			package = 269615F42BFFA36500907EE6 /* XCRemoteSwiftPackageReference "ProgressHUD" */;
			productName = ProgressHUD;
		};
		269615F82BFFA36C00907EE6 /* Kingfisher */ = {
			isa = XCSwiftPackageProductDependency;
			package = 269615F72BFFA36C00907EE6 /* XCRemoteSwiftPackageReference "Kingfisher" */;
			productName = Kingfisher;
		};
		269615FB2BFFA37200907EE6 /* SwiftKeychainWrapper */ = {
			isa = XCSwiftPackageProductDependency;
			package = 269615FA2BFFA37200907EE6 /* XCRemoteSwiftPackageReference "SwiftKeychainWrapper" */;
			productName = SwiftKeychainWrapper;
		};
/* End XCSwiftPackageProductDependency section */
	};
	rootObject = 26063A9F2B9F413700D489CF /* Project object */;
}
